{
  "originHash" : "254c55f81d06f3fd2138b054f461aacc60f3579639ed0a06ff9602c9b25d866a",
  "pins" : [
    {
      "identity" : "capacitor-swift-pm",
      "kind" : "remoteSourceControl",
      "location" : "https://github.com/ionic-team/capacitor-swift-pm.git",
      "state" : {
        "revision" : "9b9fb0af76b2b653f6e9b999f658adc132b9ab4c",
        "version" : "8.4.2"
      }
    }
  ],
  "version" : 3
}
